
Microsoft Visual Studio Solution File, Format Version 12.00
# Visual Studio 15
Project("{FAE04EC0-301F-11D3-BF4B-00C04F79EFBC}") = "Assembly-CSharp-Editor", "Assembly-CSharp-Editor.csproj", "{A36CA4D7-440E-A13D-540C-AEE433974396}"
EndProject
Project("{FAE04EC0-301F-11D3-BF4B-00C04F79EFBC}") = "Assembly-CSharp", "Assembly-CSharp.csproj", "{A1B030E2-AA41-2267-9ECA-F2AD36BEE209}"
EndProject
Global
	GlobalSection(SolutionConfigurationPlatforms) = preSolution
		Debug|Any CPU = Debug|Any CPU
		Release|Any CPU = Release|Any CPU
	EndGlobalSection
	GlobalSection(ProjectConfigurationPlatforms) = postSolution
		{A36CA4D7-440E-A13D-540C-AEE433974396}.Debug|Any CPU.ActiveCfg = Debug|Any CPU
		{A36CA4D7-440E-A13D-540C-AEE433974396}.Debug|Any CPU.Build.0 = Debug|Any CPU
		{A36CA4D7-440E-A13D-540C-AEE433974396}.Release|Any CPU.ActiveCfg = Release|Any CPU
		{A36CA4D7-440E-A13D-540C-AEE433974396}.Release|Any CPU.Build.0 = Release|Any CPU
		{A1B030E2-AA41-2267-9ECA-F2AD36BEE209}.Debug|Any CPU.ActiveCfg = Debug|Any CPU
		{A1B030E2-AA41-2267-9ECA-F2AD36BEE209}.Debug|Any CPU.Build.0 = Debug|Any CPU
		{A1B030E2-AA41-2267-9ECA-F2AD36BEE209}.Release|Any CPU.ActiveCfg = Release|Any CPU
		{A1B030E2-AA41-2267-9ECA-F2AD36BEE209}.Release|Any CPU.Build.0 = Release|Any CPU
	EndGlobalSection
	GlobalSection(SolutionProperties) = preSolution
		HideSolutionNode = FALSE
	EndGlobalSection
EndGlobal
